
Microsoft Visual Studio Solution File, Format Version 12.00
# Visual Studio Version 17
VisualStudioVersion = 17.14.36429.23 d17.14
MinimumVisualStudioVersion = 10.0.40219.1
Project("{FAE04EC0-301F-11D3-BF4B-00C04F79EFBC}") = "DesktopNano", "DesktopNano\DesktopNano.csproj", "{BB9D02D0-575F-4F00-966E-B0ECD17E8B44}"
EndProject
Global
	GlobalSection(SolutionConfigurationPlatforms) = preSolution
		Debug|Any CPU = Debug|Any CPU
		Release|Any CPU = Release|Any CPU
	EndGlobalSection
	GlobalSection(ProjectConfigurationPlatforms) = postSolution
		{BB9D02D0-575F-4F00-966E-B0ECD17E8B44}.Debug|Any CPU.ActiveCfg = Debug|Any CPU
		{BB9D02D0-575F-4F00-966E-B0ECD17E8B44}.Debug|Any CPU.Build.0 = Debug|Any CPU
		{BB9D02D0-575F-4F00-966E-B0ECD17E8B44}.Release|Any CPU.ActiveCfg = Release|Any CPU
		{BB9D02D0-575F-4F00-966E-B0ECD17E8B44}.Release|Any CPU.Build.0 = Release|Any CPU
	EndGlobalSection
	GlobalSection(SolutionProperties) = preSolution
		HideSolutionNode = FALSE
	EndGlobalSection
	GlobalSection(ExtensibilityGlobals) = postSolution
		SolutionGuid = {165A0396-635A-462F-B75F-1BB72EB7E267}
	EndGlobalSection
EndGlobal
